
Microsoft Visual Studio Solution File, Format Version 12.00
# Visual Studio Version 16
VisualStudioVersion = 16.0.31624.102
MinimumVisualStudioVersion = 10.0.40219.1
Project("{2150E333-8FDC-42A3-9474-1A3956D46DE8}") = "Services", "Services", "{BC85F328-E6B2-451B-B481-1CFD103E3748}"
EndProject
Project("{2150E333-8FDC-42A3-9474-1A3956D46DE8}") = "Catalog", "Catalog", "{9DB5A457-A073-413E-9E21-060F2B8BE444}"
EndProject
Global
	GlobalSection(SolutionProperties) = preSolution
		HideSolutionNode = FALSE
	EndGlobalSection
	GlobalSection(NestedProjects) = preSolution
		{9DB5A457-A073-413E-9E21-060F2B8BE444} = {BC85F328-E6B2-451B-B481-1CFD103E3748}
	EndGlobalSection
	GlobalSection(ExtensibilityGlobals) = postSolution
		SolutionGuid = {57E44FDF-759B-4381-911A-08E5EFFB76CA}
	EndGlobalSection
EndGlobal
